lockfileVersion: '9.0'

settings:
  autoInstallPeers: true
  excludeLinksFromLockfile: false

importers:

  .:
    dependencies:
      '@tanstack/react-query':
        specifier: ^5.85.9
        version: 5.85.9(react@19.1.1)
      react-router:
        specifier: ^7.8.0
        version: 7.8.0(react@19.1.1)
      use-local-storage:
        specifier: ^3.0.0
        version: 3.0.0(react@19.1.1)
    devDependencies:
      '@types/react':
        specifier: ^19.1.12
        version: 19.1.12
      '@types/react-dom':
        specifier: ^19.1.9
        version: 19.1.9(@types/react@19.1.12)

packages:

  '@tanstack/query-core@5.85.9':
    resolution: {integrity: sha512-5fxb9vwyftYE6KFLhhhDyLr8NO75+Wpu7pmTo+TkwKmMX2oxZDoLwcqGP8ItKSpUMwk3urWgQDZfyWr5Jm9LsQ==}

  '@tanstack/react-query@5.85.9':
    resolution: {integrity: sha512-2T5zgSpcOZXGkH/UObIbIkGmUPQqZqn7esVQFXLOze622h4spgWf5jmvrqAo9dnI13/hyMcNsF1jsoDcb59nJQ==}
    peerDependencies:
      react: ^18 || ^19

  '@types/react-dom@19.1.9':
    resolution: {integrity: sha512-qXRuZaOsAdXKFyOhRBg6Lqqc0yay13vN7KrIg4L7N4aaHN68ma9OK3NE1BoDFgFOTfM7zg+3/8+2n8rLUH3OKQ==}
    peerDependencies:
      '@types/react': ^19.0.0

  '@types/react@19.1.12':
    resolution: {integrity: sha512-cMoR+FoAf/Jyq6+Df2/Z41jISvGZZ2eTlnsaJRptmZ76Caldwy1odD4xTr/gNV9VLj0AWgg/nmkevIyUfIIq5w==}

  cookie@1.0.2:
    resolution: {integrity: sha512-9Kr/j4O16ISv8zBBhJoi4bXOYNTkFLOqSL3UDB0njXxCXNezjeyVrJyGOWtgfs/q2km1gwBcfH8q1yEGoMYunA==}
    engines: {node: '>=18'}

  csstype@3.1.3:
    resolution: {integrity: sha512-M1uQkMl8rQK/szD0LNhtqxIPLpimGm8sOBwU7lLnCpSbTyY3yeU1Vc7l4KT5zT4s/yOxHH5O7tIuuLOCnLADRw==}

  react-router@7.8.0:
    resolution: {integrity: sha512-r15M3+LHKgM4SOapNmsH3smAizWds1vJ0Z9C4mWaKnT9/wD7+d/0jYcj6LmOvonkrO4Rgdyp4KQ/29gWN2i1eg==}
    engines: {node: '>=20.0.0'}
    peerDependencies:
      react: '>=18'
      react-dom: '>=18'
    peerDependenciesMeta:
      react-dom:
        optional: true

  react@19.1.1:
    resolution: {integrity: sha512-w8nqGImo45dmMIfljjMwOGtbmC/mk4CMYhWIicdSflH91J9TyCyczcPFXJzrZ/ZXcgGRFeP6BU0BEJTw6tZdfQ==}
    engines: {node: '>=0.10.0'}

  set-cookie-parser@2.7.1:
    resolution: {integrity: sha512-IOc8uWeOZgnb3ptbCURJWNjWUPcO3ZnTTdzsurqERrP6nPyv+paC55vJM0LpOlT2ne+Ix+9+CRG1MNLlyZ4GjQ==}

  use-local-storage@3.0.0:
    resolution: {integrity: sha512-wlPNnBCG3ULIJMr5A+dvWqLiPWCfsN1Kwijq+sAhT5yV4ex0u6XmZuNwP+RerIOfzBuz1pwSZuzhZMiluGQHfQ==}
    peerDependencies:
      react: '>=16.8.1'

snapshots:

  '@tanstack/query-core@5.85.9': {}

  '@tanstack/react-query@5.85.9(react@19.1.1)':
    dependencies:
      '@tanstack/query-core': 5.85.9
      react: 19.1.1

  '@types/react-dom@19.1.9(@types/react@19.1.12)':
    dependencies:
      '@types/react': 19.1.12

  '@types/react@19.1.12':
    dependencies:
      csstype: 3.1.3

  cookie@1.0.2: {}

  csstype@3.1.3: {}

  react-router@7.8.0(react@19.1.1):
    dependencies:
      cookie: 1.0.2
      react: 19.1.1
      set-cookie-parser: 2.7.1

  react@19.1.1: {}

  set-cookie-parser@2.7.1: {}

  use-local-storage@3.0.0(react@19.1.1):
    dependencies:
      react: 19.1.1
