
Microsoft Visual Studio Solution File, Format Version 12.00
# Visual Studio Version 17
VisualStudioVersion = 17.14.36327.8 d17.14
MinimumVisualStudioVersion = 10.0.40219.1
Project("{FAE04EC0-301F-11D3-BF4B-00C04F79EFBC}") = "HelloWord", "HelloWord\HelloWord.csproj", "{3B6F8D4A-C3FA-4D2C-8B83-B7F910ADB157}"
EndProject
Global
	GlobalSection(SolutionConfigurationPlatforms) = preSolution
		Debug|Any CPU = Debug|Any CPU
		Release|Any CPU = Release|Any CPU
	EndGlobalSection
	GlobalSection(ProjectConfigurationPlatforms) = postSolution
		{3B6F8D4A-C3FA-4D2C-8B83-B7F910ADB157}.Debug|Any CPU.ActiveCfg = Debug|Any CPU
		{3B6F8D4A-C3FA-4D2C-8B83-B7F910ADB157}.Debug|Any CPU.Build.0 = Debug|Any CPU
		{3B6F8D4A-C3FA-4D2C-8B83-B7F910ADB157}.Release|Any CPU.ActiveCfg = Release|Any CPU
		{3B6F8D4A-C3FA-4D2C-8B83-B7F910ADB157}.Release|Any CPU.Build.0 = Release|Any CPU
	EndGlobalSection
	GlobalSection(SolutionProperties) = preSolution
		HideSolutionNode = FALSE
	EndGlobalSection
	GlobalSection(ExtensibilityGlobals) = postSolution
		SolutionGuid = {A4C9F826-3CF6-453B-AE1A-1E70FFEE959D}
	EndGlobalSection
EndGlobal
